// !$*UTF8*$!
{
	archiveVersion = 1;
	classes = {
	};
	objectVersion = 46;
	objects = {

/* Begin PBXBuildFile section */
		68DDFB151D44F79000A95EB5 /* AppDelegate.swift in Sources */ = {isa = PBXBuildFile; fileRef = 68DDFB141D44F79000A95EB5 /* AppDelegate.swift */; };
		68DDFB1C1D44F79000A95EB5 /* Assets.xcassets in Resources */ = {isa = PBXBuildFile; fileRef = 68DDFB1B1D44F79000A95EB5 /* Assets.xcassets */; };
		68DDFB1F1D44F79000A95EB5 /* LaunchScreen.storyboard in Resources */ = {isa = PBXBuildFile; fileRef = 68DDFB1D1D44F79000A95EB5 /* LaunchScreen.storyboard */; };
		68DDFB271D45010A00A95EB5 /* UniversalPagingController.swift in Sources */ = {isa = PBXBuildFile; fileRef = 68DDFB261D45010A00A95EB5 /* UniversalPagingController.swift */; };
/* End PBXBuildFile section */

/* Begin PBXFileReference section */
		68DDFB111D44F79000A95EB5 /* UniversalPagingControllerDemo.app */ = {isa = PBXFileReference; explicitFileType = wrapper.application; includeInIndex = 0; path = UniversalPagingControllerDemo.app; sourceTree = BUILT_PRODUCTS_DIR; };
		68DDFB141D44F79000A95EB5 /* AppDelegate.swift */ = {isa = PBXFileReference; lastKnownFileType = sourcecode.swift; path = AppDelegate.swift; sourceTree = "<group>"; };
		68DDFB1B1D44F79000A95EB5 /* Assets.xcassets */ = {isa = PBXFileReference; lastKnownFileType = folder.assetcatalog; path = Assets.xcassets; sourceTree = "<group>"; };
		68DDFB1E1D44F79000A95EB5 /* Base */ = {isa = PBXFileReference; lastKnownFileType = file.storyboard; name = Base; path = Base.lproj/LaunchScreen.storyboard; sourceTree = "<group>"; };
		68DDFB201D44F79000A95EB5 /* Info.plist */ = {isa = PBXFileReference; lastKnownFileType = text.plist.xml; path = Info.plist; sourceTree = "<group>"; };
		68DDFB261D45010A00A95EB5 /* UniversalPagingController.swift */ = {isa = PBXFileReference; fileEncoding = 4; lastKnownFileType = sourcecode.swift; path = UniversalPagingController.swift; sourceTree = "<group>"; };
/* End PBXFileReference section */

/* Begin PBXFrameworksBuildPhase section */
		68DDFB0E1D44F79000A95EB5 /* Frameworks */ = {
			isa = PBXFrameworksBuildPhase;
			buildActionMask = 2147483647;
			files = (
			);
			runOnlyForDeploymentPostprocessing = 0;
		};
/* End PBXFrameworksBuildPhase section */

/* Begin PBXGroup section */
		68DDFB081D44F79000A95EB5 = {
			isa = PBXGroup;
			children = (
				68DDFB131D44F79000A95EB5 /* UniversalPagingControllerDemo */,
				68DDFB121D44F79000A95EB5 /* Products */,
			);
			sourceTree = "<group>";
		};
		68DDFB121D44F79000A95EB5 /* Products */ = {
			isa = PBXGroup;
			children = (
				68DDFB111D44F79000A95EB5 /* UniversalPagingControllerDemo.app */,
			);
			name = Products;
			sourceTree = "<group>";
		};
		68DDFB131D44F79000A95EB5 /* UniversalPagingControllerDemo */ = {
			isa = PBXGroup;
			children = (
				68DDFB141D44F79000A95EB5 /* AppDelegate.swift */,
				68DDFB261D45010A00A95EB5 /* UniversalPagingController.swift */,
				68DDFB1B1D44F79000A95EB5 /* Assets.xcassets */,
				68DDFB1D1D44F79000A95EB5 /* LaunchScreen.storyboard */,
				68DDFB201D44F79000A95EB5 /* Info.plist */,
			);
			path = UniversalPagingControllerDemo;
			sourceTree = "<group>";
		};
/* End PBXGroup section */

/* Begin PBXNativeTarget section */
		68DDFB101D44F79000A95EB5 /* UniversalPagingControllerDemo */ = {
			isa = PBXNativeTarget;
			buildConfigurationList = 68DDFB231D44F79000A95EB5 /* Build configuration list for PBXNativeTarget "UniversalPagingControllerDemo" */;
			buildPhases = (
				68DDFB0D1D44F79000A95EB5 /* Sources */,
				68DDFB0E1D44F79000A95EB5 /* Frameworks */,
				68DDFB0F1D44F79000A95EB5 /* Resources */,
			);
			buildRules = (
			);
			dependencies = (
			);
			name = UniversalPagingControllerDemo;
			productName = UniversalPagingControllerDemo;
			productReference = 68DDFB111D44F79000A95EB5 /* UniversalPagingControllerDemo.app */;
			productType = "com.apple.product-type.application";
		};
/* End PBXNativeTarget section */

/* Begin PBXProject section */
		68DDFB091D44F79000A95EB5 /* Project object */ = {
			isa = PBXProject;
			attributes = {
				LastSwiftUpdateCheck = 0730;
				LastUpgradeCheck = 0730;
				ORGANIZATIONNAME = "Piotr Jamróz";
				TargetAttributes = {
					68DDFB101D44F79000A95EB5 = {
						CreatedOnToolsVersion = 7.3.1;
					};
				};
			};
			buildConfigurationList = 68DDFB0C1D44F79000A95EB5 /* Build configuration list for PBXProject "UniversalPagingControllerDemo" */;
			compatibilityVersion = "Xcode 3.2";
			developmentRegion = English;
			hasScannedForEncodings = 0;
			knownRegions = (
				en,
				Base,
			);
			mainGroup = 68DDFB081D44F79000A95EB5;
			productRefGroup = 68DDFB121D44F79000A95EB5 /* Products */;
			projectDirPath = "";
			projectRoot = "";
			targets = (
				68DDFB101D44F79000A95EB5 /* UniversalPagingControllerDemo */,
			);
		};
/* End PBXProject section */

/* Begin PBXResourcesBuildPhase section */
		68DDFB0F1D44F79000A95EB5 /* Resources */ = {
			isa = PBXResourcesBuildPhase;
			buildActionMask = 2147483647;
			files = (
				68DDFB1F1D44F79000A95EB5 /* LaunchScreen.storyboard in Resources */,
				68DDFB1C1D44F79000A95EB5 /* Assets.xcassets in Resources */,
			);
			runOnlyForDeploymentPostprocessing = 0;
		};
/* End PBXResourcesBuildPhase section */

/* Begin PBXSourcesBuildPhase section */
		68DDFB0D1D44F79000A95EB5 /* Sources */ = {
			isa = PBXSourcesBuildPhase;
			buildActionMask = 2147483647;
			files = (
				68DDFB151D44F79000A95EB5 /* AppDelegate.swift in Sources */,
				68DDFB271D45010A00A95EB5 /* UniversalPagingController.swift in Sources */,
			);
			runOnlyForDeploymentPostprocessing = 0;
		};
/* End PBXSourcesBuildPhase section */

/* Begin PBXVariantGroup section */
		68DDFB1D1D44F79000A95EB5 /* LaunchScreen.storyboard */ = {
			isa = PBXVariantGroup;
			children = (
				68DDFB1E1D44F79000A95EB5 /* Base */,
			);
			name = LaunchScreen.storyboard;
			sourceTree = "<group>";
		};
/* End PBXVariantGroup section */

/* Begin XCBuildConfiguration section */
		68DDFB211D44F79000A95EB5 /* Debug */ = {
			isa = XCBuildConfiguration;
			buildSettings = {
				ALWAYS_SEARCH_USER_PATHS = NO;
				CLANG_ANALYZER_NONNULL = YES;
				CLANG_CXX_LANGUAGE_STANDARD = "gnu++0x";
				CLANG_CXX_LIBRARY = "libc++";
				CLANG_ENABLE_MODULES = YES;
				CLANG_ENABLE_OBJC_ARC = YES;
				CLANG_WARN_BOOL_CONVERSION = YES;
				CLANG_WARN_CONSTANT_CONVERSION = YES;
				CLANG_WARN_DIRECT_OBJC_ISA_USAGE = YES_ERROR;
				CLANG_WARN_EMPTY_BODY = YES;
				CLANG_WARN_ENUM_CONVERSION = YES;
				CLANG_WARN_INT_CONVERSION = YES;
				CLANG_WARN_OBJC_ROOT_CLASS = YES_ERROR;
				CLANG_WARN_UNREACHABLE_CODE = YES;
				CLANG_WARN__DUPLICATE_METHOD_MATCH = YES;
				"CODE_SIGN_IDENTITY[sdk=iphoneos*]" = "iPhone Developer";
				COPY_PHASE_STRIP = NO;
				DEBUG_INFORMATION_FORMAT = dwarf;
				ENABLE_STRICT_OBJC_MSGSEND = YES;
				ENABLE_TESTABILITY = YES;
				GCC_C_LANGUAGE_STANDARD = gnu99;
				GCC_DYNAMIC_NO_PIC = NO;
				GCC_NO_COMMON_BLOCKS = YES;
				GCC_OPTIMIZATION_LEVEL = 0;
				GCC_PREPROCESSOR_DEFINITIONS = (
					"DEBUG=1",
					"$(inherited)",
				);
				GCC_WARN_64_TO_32_BIT_CONVERSION = YES;
				GCC_WARN_ABOUT_RETURN_TYPE = YES_ERROR;
				GCC_WARN_UNDECLARED_SELECTOR = YES;
				GCC_WARN_UNINITIALIZED_AUTOS = YES_AGGRESSIVE;
				GCC_WARN_UNUSED_FUNCTION = YES;
				GCC_WARN_UNUSED_VARIABLE = YES;
				IPHONEOS_DEPLOYMENT_TARGET = 9.3;
				MTL_ENABLE_DEBUG_INFO = YES;
				ONLY_ACTIVE_ARCH = YES;
				SDKROOT = iphoneos;
				SWIFT_OPTIMIZATION_LEVEL = "-Onone";
				TARGETED_DEVICE_FAMILY = "1,2";
			};
			name = Debug;
		};
		68DDFB221D44F79000A95EB5 /* Release */ = {
			isa = XCBuildConfiguration;
			buildSettings = {
				ALWAYS_SEARCH_USER_PATHS = NO;
				CLANG_ANALYZER_NONNULL = YES;
				CLANG_CXX_LANGUAGE_STANDARD = "gnu++0x";
				CLANG_CXX_LIBRARY = "libc++";
				CLANG_ENABLE_MODULES = YES;
				CLANG_ENABLE_OBJC_ARC = YES;
				CLANG_WARN_BOOL_CONVERSION = YES;
				CLANG_WARN_CONSTANT_CONVERSION = YES;
				CLANG_WARN_DIRECT_OBJC_ISA_USAGE = YES_ERROR;
				CLANG_WARN_EMPTY_BODY = YES;
				CLANG_WARN_ENUM_CONVERSION = YES;
				CLANG_WARN_INT_CONVERSION = YES;
				CLANG_WARN_OBJC_ROOT_CLASS = YES_ERROR;
				CLANG_WARN_UNREACHABLE_CODE = YES;
				CLANG_WARN__DUPLICATE_METHOD_MATCH = YES;
				"CODE_SIGN_IDENTITY[sdk=iphoneos*]" = "iPhone Developer";
				COPY_PHASE_STRIP = NO;
				DEBUG_INFORMATION_FORMAT = "dwarf-with-dsym";
				ENABLE_NS_ASSERTIONS = NO;
				ENABLE_STRICT_OBJC_MSGSEND = YES;
				GCC_C_LANGUAGE_STANDARD = gnu99;
				GCC_NO_COMMON_BLOCKS = YES;
				GCC_WARN_64_TO_32_BIT_CONVERSION = YES;
				GCC_WARN_ABOUT_RETURN_TYPE = YES_ERROR;
				GCC_WARN_UNDECLARED_SELECTOR = YES;
				GCC_WARN_UNINITIALIZED_AUTOS = YES_AGGRESSIVE;
				GCC_WARN_UNUSED_FUNCTION = YES;
				GCC_WARN_UNUSED_VARIABLE = YES;
				IPHONEOS_DEPLOYMENT_TARGET = 9.3;
				MTL_ENABLE_DEBUG_INFO = NO;
				SDKROOT = iphoneos;
				TARGETED_DEVICE_FAMILY = "1,2";
				VALIDATE_PRODUCT = YES;
			};
			name = Release;
		};
		68DDFB241D44F79000A95EB5 /* Debug */ = {
			isa = XCBuildConfiguration;
			buildSettings = {
				ASSETCATALOG_COMPILER_APPICON_NAME = AppIcon;
				INFOPLIST_FILE = UniversalPagingControllerDemo/Info.plist;
				IPHONEOS_DEPLOYMENT_TARGET = 9.0;
				LD_RUNPATH_SEARCH_PATHS = "$(inherited) @executable_path/Frameworks";
				PRODUCT_BUNDLE_IDENTIFIER = mobi.jamroz.UniversalPagingControllerDemo;
				PRODUCT_NAME = "$(TARGET_NAME)";
			};
			name = Debug;
		};
		68DDFB251D44F79000A95EB5 /* Release */ = {
			isa = XCBuildConfiguration;
			buildSettings = {
				ASSETCATALOG_COMPILER_APPICON_NAME = AppIcon;
				INFOPLIST_FILE = UniversalPagingControllerDemo/Info.plist;
				IPHONEOS_DEPLOYMENT_TARGET = 9.0;
				LD_RUNPATH_SEARCH_PATHS = "$(inherited) @executable_path/Frameworks";
				PRODUCT_BUNDLE_IDENTIFIER = mobi.jamroz.UniversalPagingControllerDemo;
				PRODUCT_NAME = "$(TARGET_NAME)";
			};
			name = Release;
		};
/* End XCBuildConfiguration section */

/* Begin XCConfigurationList section */
		68DDFB0C1D44F79000A95EB5 /* Build configuration list for PBXProject "UniversalPagingControllerDemo" */ = {
			isa = XCConfigurationList;
			buildConfigurations = (
				68DDFB211D44F79000A95EB5 /* Debug */,
				68DDFB221D44F79000A95EB5 /* Release */,
			);
			defaultConfigurationIsVisible = 0;
			defaultConfigurationName = Release;
		};
		68DDFB231D44F79000A95EB5 /* Build configuration list for PBXNativeTarget "UniversalPagingControllerDemo" */ = {
			isa = XCConfigurationList;
			buildConfigurations = (
				68DDFB241D44F79000A95EB5 /* Debug */,
				68DDFB251D44F79000A95EB5 /* Release */,
			);
			defaultConfigurationIsVisible = 0;
			defaultConfigurationName = Release;
		};
/* End XCConfigurationList section */
	};
	rootObject = 68DDFB091D44F79000A95EB5 /* Project object */;
}
